
Microsoft Visual Studio Solution File, Format Version 12.00
Project("{FAE04EC0-301F-11D3-BF4B-00C04F79EFBC}") = "lambaitaplab", "lambaitaplab\lambaitaplab.csproj", "{1CB8502E-2752-4FE5-9F96-71B13D442ED9}"
EndProject
Project("{FAE04EC0-301F-11D3-BF4B-00C04F79EFBC}") = "lab3", "lab3\lab3.csproj", "{AB656BE8-6BC4-4454-860A-943A3EF90DD8}"
EndProject
Global
	GlobalSection(SolutionConfigurationPlatforms) = preSolution
		Debug|Any CPU = Debug|Any CPU
		Release|Any CPU = Release|Any CPU
	EndGlobalSection
	GlobalSection(ProjectConfigurationPlatforms) = postSolution
		{1CB8502E-2752-4FE5-9F96-71B13D442ED9}.Debug|Any CPU.ActiveCfg = Debug|Any CPU
		{1CB8502E-2752-4FE5-9F96-71B13D442ED9}.Debug|Any CPU.Build.0 = Debug|Any CPU
		{1CB8502E-2752-4FE5-9F96-71B13D442ED9}.Release|Any CPU.ActiveCfg = Release|Any CPU
		{1CB8502E-2752-4FE5-9F96-71B13D442ED9}.Release|Any CPU.Build.0 = Release|Any CPU
		{AB656BE8-6BC4-4454-860A-943A3EF90DD8}.Debug|Any CPU.ActiveCfg = Debug|Any CPU
		{AB656BE8-6BC4-4454-860A-943A3EF90DD8}.Debug|Any CPU.Build.0 = Debug|Any CPU
		{AB656BE8-6BC4-4454-860A-943A3EF90DD8}.Release|Any CPU.ActiveCfg = Release|Any CPU
		{AB656BE8-6BC4-4454-860A-943A3EF90DD8}.Release|Any CPU.Build.0 = Release|Any CPU
	EndGlobalSection
EndGlobal
